{
  "version": 4,
  "terraform_version": "1.9.0",
  "serial": 5,
  "lineage": "f41f1e34-e0e7-750e-22e3-5966e1a45d50",
  "outputs": {
    "rds_db_identifier": {
      "value": "db-saurav-arc-poc",
      "type": "string"
    },
    "rds_db_name": {
      "value": "db_arc_poc_saurav",
      "type": "string"
    },
    "rds_engine": {
      "value": "mysql",
      "type": "string"
    }
  },
  "resources": [
    {
      "mode": "managed",
      "type": "aws_security_group",
      "name": "rds_sg_arc_poc",
      "provider": "provider[\"registry.terraform.io/hashicorp/aws\"]",
      "instances": [
        {
          "schema_version": 1,
          "attributes": {
            "arn": "arn:aws:ec2:us-east-1:804295906245:security-group/sg-064b3a0ea7f0c9e4c",
            "description": "Security group for rds for arc iac training ",
            "egress": [
              {
                "cidr_blocks": [
                  "0.0.0.0/0"
                ],
                "description": "",
                "from_port": 0,
                "ipv6_cidr_blocks": [],
                "prefix_list_ids": [],
                "protocol": "-1",
                "security_groups": [],
                "self": false,
                "to_port": 0
              }
            ],
            "id": "sg-064b3a0ea7f0c9e4c",
            "ingress": [
              {
                "cidr_blocks": [
                  "0.0.0.0/0"
                ],
                "description": "",
                "from_port": 3306,
                "ipv6_cidr_blocks": [],
                "prefix_list_ids": [],
                "protocol": "tcp",
                "security_groups": [],
                "self": false,
                "to_port": 3306
              }
            ],
            "name": "rds_sg_arc_poc",
            "name_prefix": "",
            "owner_id": "804295906245",
            "revoke_rules_on_delete": false,
            "tags": {
              "AutoTag_CreateTime": "2024-07-14T11:49:09Z",
              "AutoTag_Creator": "arn:aws:sts::804295906245:assumed-role/AWSReservedSSO_AdministratorAccess_80ec280fc192dd15/himanshu.yadav@sourcefuse.com"
            },
            "tags_all": {
              "AutoTag_CreateTime": "2024-07-14T11:49:09Z",
              "AutoTag_Creator": "arn:aws:sts::804295906245:assumed-role/AWSReservedSSO_AdministratorAccess_80ec280fc192dd15/himanshu.yadav@sourcefuse.com"
            },
            "timeouts": null,
            "vpc_id": "vpc-0220f279cfeef7591"
          },
          "sensitive_attributes": [],
          "private": "eyJlMmJmYjczMC1lY2FhLTExZTYtOGY4OC0zNDM2M2JjN2M0YzAiOnsiY3JlYXRlIjo2MDAwMDAwMDAwMDAsImRlbGV0ZSI6OTAwMDAwMDAwMDAwfSwic2NoZW1hX3ZlcnNpb24iOiIxIn0="
        }
      ]
    },
    {
      "mode": "managed",
      "type": "aws_ssm_parameter",
      "name": "master_db_password",
      "provider": "provider[\"registry.terraform.io/hashicorp/aws\"]",
      "instances": [
        {
          "schema_version": 0,
          "attributes": {
            "allowed_pattern": "",
            "arn": "arn:aws:ssm:us-east-1:804295906245:parameter/saurav/arc_poc/master_db_password",
            "data_type": "text",
            "description": "",
            "id": "/saurav/arc_poc/master_db_password",
            "insecure_value": null,
            "key_id": "alias/aws/ssm",
            "name": "/saurav/arc_poc/master_db_password",
            "overwrite": null,
            "tags": null,
            "tags_all": {},
            "tier": "Advanced",
            "type": "SecureString",
            "value": "\u003ciE8t:k3A2h[EGs$eO97",
            "version": 1
          },
          "sensitive_attributes": [
            [
              {
                "type": "get_attr",
                "value": "value"
              }
            ]
          ],
          "private": "bnVsbA==",
          "dependencies": [
            "random_password.master_db_password"
          ]
        }
      ]
    },
    {
      "mode": "managed",
      "type": "random_password",
      "name": "master_db_password",
      "provider": "provider[\"registry.terraform.io/hashicorp/random\"]",
      "instances": [
        {
          "schema_version": 3,
          "attributes": {
            "bcrypt_hash": "$2a$10$ffBeq5At88MRkq1VBKx0W.XlVcjgsfEL4fACLNFgSBvz6AlleEW6C",
            "id": "none",
            "keepers": null,
            "length": 20,
            "lower": true,
            "min_lower": 1,
            "min_numeric": 1,
            "min_special": 1,
            "min_upper": 1,
            "number": true,
            "numeric": true,
            "override_special": "!#$%\u0026*()-_=+[]{}\u003c\u003e:?",
            "result": "\u003ciE8t:k3A2h[EGs$eO97",
            "special": true,
            "upper": true
          },
          "sensitive_attributes": [
            [
              {
                "type": "get_attr",
                "value": "result"
              }
            ],
            [
              {
                "type": "get_attr",
                "value": "bcrypt_hash"
              }
            ]
          ]
        }
      ]
    }
  ],
  "check_results": null
}
