{
  "version": 4,
  "terraform_version": "1.9.2",
  "serial": 3,
  "lineage": "94e8d7e3-b5df-9c8f-889d-a868444dd645",
  "outputs": {
    "db_admin_username": {
      "value": "db_admin",
      "type": "string"
    }
  },
  "resources": [
    {
      "mode": "data",
      "type": "aws_caller_identity",
      "name": "this",
      "provider": "provider[\"registry.terraform.io/hashicorp/aws\"]",
      "instances": [
        {
          "schema_version": 0,
          "attributes": {
            "account_id": "804295906245",
            "arn": "arn:aws:sts::804295906245:assumed-role/AWSReservedSSO_AdministratorAccess_80ec280fc192dd15/saurav.kumar@sourcefuse.com",
            "id": "804295906245",
            "user_id": "AROA3WQ6FSPC6HIXKOY7E:saurav.kumar@sourcefuse.com"
          },
          "sensitive_attributes": []
        }
      ]
    },
    {
      "mode": "data",
      "type": "aws_subnets",
      "name": "private",
      "provider": "provider[\"registry.terraform.io/hashicorp/aws\"]",
      "instances": [
        {
          "schema_version": 0,
          "attributes": {
            "filter": [
              {
                "name": "tag:Name",
                "values": [
                  "arc-poc-private-subnet-private-us-east-1a",
                  "arc-poc-private-subnet-private-us-east-1b"
                ]
              }
            ],
            "id": "us-east-1",
            "ids": [],
            "tags": null,
            "timeouts": null
          },
          "sensitive_attributes": []
        }
      ]
    },
    {
      "mode": "data",
      "type": "aws_vpc",
      "name": "vpc",
      "provider": "provider[\"registry.terraform.io/hashicorp/aws\"]",
      "instances": [
        {
          "schema_version": 0,
          "attributes": {
            "arn": "arn:aws:ec2:us-east-1:804295906245:vpc/vpc-0e45ab741d2b50fb8",
            "cidr_block": "10.0.0.0/24",
            "cidr_block_associations": [
              {
                "association_id": "vpc-cidr-assoc-038f29fb37c785ed0",
                "cidr_block": "10.0.0.0/24",
                "state": "associated"
              }
            ],
            "default": false,
            "dhcp_options_id": "dopt-a6babfdd",
            "enable_dns_hostnames": true,
            "enable_dns_support": true,
            "enable_network_address_usage_metrics": false,
            "filter": [
              {
                "name": "tag:Name",
                "values": [
                  "arc-poc-vpc"
                ]
              }
            ],
            "id": "vpc-0e45ab741d2b50fb8",
            "instance_tenancy": "default",
            "ipv6_association_id": "vpc-cidr-assoc-03eb07f76c221a7a4",
            "ipv6_cidr_block": "2600:1f18:b20:8e00::/56",
            "main_route_table_id": "rtb-01b8b95eb4c321b77",
            "owner_id": "804295906245",
            "state": null,
            "tags": {
              "Environment": "poc",
              "Example": "True",
              "Name": "arc-poc-vpc",
              "Project": "terraform-aws-ref-arch-network"
            },
            "timeouts": null
          },
          "sensitive_attributes": []
        }
      ]
    },
    {
      "module": "module.aurora",
      "mode": "data",
      "type": "aws_iam_policy_document",
      "name": "enhanced_monitoring",
      "provider": "provider[\"registry.terraform.io/hashicorp/aws\"]",
      "instances": [
        {
          "schema_version": 0,
          "attributes": {
            "id": "1813475199",
            "json": "{\n  \"Version\": \"2012-10-17\",\n  \"Statement\": [\n    {\n      \"Sid\": \"\",\n      \"Effect\": \"Allow\",\n      \"Action\": \"sts:AssumeRole\",\n      \"Principal\": {\n        \"Service\": \"monitoring.rds.amazonaws.com\"\n      }\n    }\n  ]\n}",
            "override_json": null,
            "override_policy_documents": null,
            "policy_id": null,
            "source_json": null,
            "source_policy_documents": null,
            "statement": [
              {
                "actions": [
                  "sts:AssumeRole"
                ],
                "condition": [],
                "effect": "Allow",
                "not_actions": [],
                "not_principals": [],
                "not_resources": [],
                "principals": [
                  {
                    "identifiers": [
                      "monitoring.rds.amazonaws.com"
                    ],
                    "type": "Service"
                  }
                ],
                "resources": [],
                "sid": ""
              }
            ],
            "version": "2012-10-17"
          },
          "sensitive_attributes": []
        }
      ]
    },
    {
      "module": "module.aurora",
      "mode": "data",
      "type": "aws_partition",
      "name": "this",
      "provider": "provider[\"registry.terraform.io/hashicorp/aws\"]",
      "instances": [
        {
          "schema_version": 0,
          "attributes": {
            "dns_suffix": "amazonaws.com",
            "id": "aws",
            "partition": "aws",
            "reverse_dns_prefix": "com.amazonaws"
          },
          "sensitive_attributes": []
        }
      ]
    },
    {
      "module": "module.aurora",
      "mode": "managed",
      "type": "aws_db_option_group",
      "name": "this",
      "provider": "provider[\"registry.terraform.io/hashicorp/aws\"]",
      "instances": []
    },
    {
      "module": "module.aurora",
      "mode": "managed",
      "type": "aws_iam_role",
      "name": "enhanced_monitoring",
      "provider": "provider[\"registry.terraform.io/hashicorp/aws\"]",
      "instances": [
        {
          "schema_version": 0,
          "attributes": {
            "arn": "arn:aws:iam::804295906245:role/arc-poc-enhanced-monitoring-saurav-role",
            "assume_role_policy": "{\"Statement\":[{\"Action\":\"sts:AssumeRole\",\"Effect\":\"Allow\",\"Principal\":{\"Service\":\"monitoring.rds.amazonaws.com\"},\"Sid\":\"\"}],\"Version\":\"2012-10-17\"}",
            "create_date": "2024-07-19T14:31:15Z",
            "description": "",
            "force_detach_policies": false,
            "id": "arc-poc-enhanced-monitoring-saurav-role",
            "inline_policy": [],
            "managed_policy_arns": [],
            "max_session_duration": 3600,
            "name": "arc-poc-enhanced-monitoring-saurav-role",
            "name_prefix": "",
            "path": "/",
            "permissions_boundary": null,
            "role_last_used": [
              {
                "last_used_date": "",
                "region": ""
              }
            ],
            "tags": {
              "Environment": "poc",
              "MonoRepo": "True",
              "MonoRepoPath": "terraform/db",
              "Name": "arc-poc-enhanced-monitoring-saurav-role",
              "Project": "arc-training-saurav"
            },
            "tags_all": {
              "Environment": "poc",
              "MonoRepo": "True",
              "MonoRepoPath": "terraform/db",
              "Name": "arc-poc-enhanced-monitoring-saurav-role",
              "Project": "arc-training-saurav"
            },
            "unique_id": "AROA3WQ6FSPCZOHLPSIO4"
          },
          "sensitive_attributes": [],
          "private": "bnVsbA==",
          "dependencies": [
            "module.aurora.data.aws_iam_policy_document.enhanced_monitoring"
          ]
        }
      ]
    },
    {
      "module": "module.aurora",
      "mode": "managed",
      "type": "aws_iam_role",
      "name": "option_group",
      "provider": "provider[\"registry.terraform.io/hashicorp/aws\"]",
      "instances": []
    },
    {
      "module": "module.aurora",
      "mode": "managed",
      "type": "aws_iam_role_policy_attachment",
      "name": "enhanced_monitoring",
      "provider": "provider[\"registry.terraform.io/hashicorp/aws\"]",
      "instances": [
        {
          "schema_version": 0,
          "attributes": {
            "id": "arc-poc-enhanced-monitoring-saurav-role-20240719143116905000000001",
            "policy_arn": "arn:aws:iam::aws:policy/service-role/AmazonRDSEnhancedMonitoringRole",
            "role": "arc-poc-enhanced-monitoring-saurav-role"
          },
          "sensitive_attributes": [],
          "private": "bnVsbA==",
          "dependencies": [
            "module.aurora.aws_iam_role.enhanced_monitoring",
            "module.aurora.data.aws_iam_policy_document.enhanced_monitoring"
          ]
        }
      ]
    },
    {
      "module": "module.aurora",
      "mode": "managed",
      "type": "aws_kms_alias",
      "name": "aurora_cluster_kms_key",
      "provider": "provider[\"registry.terraform.io/hashicorp/aws\"]",
      "instances": [
        {
          "index_key": 0,
          "schema_version": 0,
          "attributes": {
            "arn": "arn:aws:kms:us-east-1:804295906245:alias/arc-poc-aurora-cluster-kms-key",
            "id": "alias/arc-poc-aurora-cluster-kms-key",
            "name": "alias/arc-poc-aurora-cluster-kms-key",
            "name_prefix": "",
            "target_key_arn": "arn:aws:kms:us-east-1:804295906245:key/119b9f0b-26fb-4cc5-8f46-39e1903e86e2",
            "target_key_id": "119b9f0b-26fb-4cc5-8f46-39e1903e86e2"
          },
          "sensitive_attributes": [],
          "private": "bnVsbA==",
          "dependencies": [
            "module.aurora.aws_kms_key.aurora_cluster_kms_key"
          ]
        }
      ]
    },
    {
      "module": "module.aurora",
      "mode": "managed",
      "type": "aws_kms_key",
      "name": "aurora_cluster_kms_key",
      "provider": "provider[\"registry.terraform.io/hashicorp/aws\"]",
      "instances": [
        {
          "index_key": 0,
          "schema_version": 0,
          "attributes": {
            "arn": "arn:aws:kms:us-east-1:804295906245:key/119b9f0b-26fb-4cc5-8f46-39e1903e86e2",
            "bypass_policy_lockout_safety_check": false,
            "custom_key_store_id": "",
            "customer_master_key_spec": "SYMMETRIC_DEFAULT",
            "deletion_window_in_days": 10,
            "description": "Aurora cluster KMS key",
            "enable_key_rotation": true,
            "id": "119b9f0b-26fb-4cc5-8f46-39e1903e86e2",
            "is_enabled": true,
            "key_id": "119b9f0b-26fb-4cc5-8f46-39e1903e86e2",
            "key_usage": "ENCRYPT_DECRYPT",
            "multi_region": false,
            "policy": "{\"Id\":\"key-default-1\",\"Statement\":[{\"Action\":\"kms:*\",\"Effect\":\"Allow\",\"Principal\":{\"AWS\":\"arn:aws:iam::804295906245:root\"},\"Resource\":\"*\",\"Sid\":\"Enable IAM User Permissions\"}],\"Version\":\"2012-10-17\"}",
            "tags": {
              "Environment": "poc",
              "MonoRepo": "True",
              "MonoRepoPath": "terraform/db",
              "Name": "arc-poc-aurora-cluster-kms-key",
              "Project": "arc-training-saurav"
            },
            "tags_all": {
              "Environment": "poc",
              "MonoRepo": "True",
              "MonoRepoPath": "terraform/db",
              "Name": "arc-poc-aurora-cluster-kms-key",
              "Project": "arc-training-saurav"
            }
          },
          "sensitive_attributes": [],
          "private": "bnVsbA=="
        }
      ]
    },
    {
      "module": "module.aurora",
      "mode": "managed",
      "type": "aws_kms_key",
      "name": "rds_db_kms_key",
      "provider": "provider[\"registry.terraform.io/hashicorp/aws\"]",
      "instances": []
    },
    {
      "module": "module.aurora",
      "mode": "managed",
      "type": "random_password",
      "name": "aurora_db_admin_password",
      "provider": "provider[\"registry.terraform.io/hashicorp/random\"]",
      "instances": [
        {
          "index_key": 0,
          "schema_version": 3,
          "attributes": {
            "bcrypt_hash": "$2a$10$keAWdD.OMOFKAdsqQa4Ix.xe5CqjQifo03Q2Twlwv11QR0ikYSBy6",
            "id": "none",
            "keepers": null,
            "length": 41,
            "lower": true,
            "min_lower": 0,
            "min_numeric": 0,
            "min_special": 0,
            "min_upper": 0,
            "number": true,
            "numeric": true,
            "override_special": "!#*^",
            "result": "g7lQDWJmNY!O^o9BDPOxEuSn*h4udR783z9W!tQcC",
            "special": true,
            "upper": true
          },
          "sensitive_attributes": [
            [
              {
                "type": "get_attr",
                "value": "result"
              }
            ],
            [
              {
                "type": "get_attr",
                "value": "bcrypt_hash"
              }
            ]
          ]
        }
      ]
    },
    {
      "module": "module.aurora",
      "mode": "managed",
      "type": "random_password",
      "name": "rds_db_admin_password",
      "provider": "provider[\"registry.terraform.io/hashicorp/random\"]",
      "instances": []
    },
    {
      "module": "module.aurora.module.aurora_cluster[0]",
      "mode": "data",
      "type": "aws_partition",
      "name": "current",
      "provider": "provider[\"registry.terraform.io/hashicorp/aws\"]",
      "instances": [
        {
          "index_key": 0,
          "schema_version": 0,
          "attributes": {
            "dns_suffix": "amazonaws.com",
            "id": "aws",
            "partition": "aws",
            "reverse_dns_prefix": "com.amazonaws"
          },
          "sensitive_attributes": []
        }
      ]
    },
    {
      "module": "module.aurora.module.aurora_cluster[0]",
      "mode": "managed",
      "type": "aws_db_parameter_group",
      "name": "default",
      "provider": "provider[\"registry.terraform.io/hashicorp/aws\"]",
      "instances": [
        {
          "index_key": 0,
          "schema_version": 0,
          "attributes": {
            "arn": "arn:aws:rds:us-east-1:804295906245:pg:arc-poc-training-20240719142517985000000002",
            "description": "DB instance parameter group",
            "family": "aurora-postgresql14",
            "id": "arc-poc-training-20240719142517985000000002",
            "name": "arc-poc-training-20240719142517985000000002",
            "name_prefix": "arc-poc-training-",
            "parameter": [],
            "tags": {
              "Environment": "poc",
              "MonoRepo": "True",
              "MonoRepoPath": "terraform/db",
              "Name": "training",
              "Namespace": "arc",
              "Project": "arc-training-saurav",
              "Stage": "poc"
            },
            "tags_all": {
              "Environment": "poc",
              "MonoRepo": "True",
              "MonoRepoPath": "terraform/db",
              "Name": "training",
              "Namespace": "arc",
              "Project": "arc-training-saurav",
              "Stage": "poc"
            }
          },
          "sensitive_attributes": [],
          "private": "bnVsbA==",
          "create_before_destroy": true
        }
      ]
    },
    {
      "module": "module.aurora.module.aurora_cluster[0]",
      "mode": "managed",
      "type": "aws_db_subnet_group",
      "name": "default",
      "provider": "provider[\"registry.terraform.io/hashicorp/aws\"]",
      "instances": [
        {
          "index_key": 0,
          "schema_version": 0,
          "attributes": {
            "arn": "arn:aws:rds:us-east-1:804295906245:subgrp:arc-poc-training",
            "description": "Allowed subnets for DB cluster instances",
            "id": "arc-poc-training",
            "name": "arc-poc-training",
            "name_prefix": "",
            "subnet_ids": [
              "subnet-0c81d81210e8786f6",
              "subnet-0e5278aa8824c456d"
            ],
            "supported_network_types": [
              "IPV4"
            ],
            "tags": {
              "Environment": "poc",
              "MonoRepo": "True",
              "MonoRepoPath": "terraform/db",
              "Name": "training",
              "Namespace": "arc",
              "Project": "arc-training-saurav",
              "Stage": "poc"
            },
            "tags_all": {
              "Environment": "poc",
              "MonoRepo": "True",
              "MonoRepoPath": "terraform/db",
              "Name": "training",
              "Namespace": "arc",
              "Project": "arc-training-saurav",
              "Stage": "poc"
            },
            "vpc_id": "vpc-08dd56fe18f955b36"
          },
          "sensitive_attributes": [],
          "private": "bnVsbA=="
        }
      ]
    },
    {
      "module": "module.aurora.module.aurora_cluster[0]",
      "mode": "managed",
      "type": "aws_rds_cluster",
      "name": "secondary",
      "provider": "provider[\"registry.terraform.io/hashicorp/aws\"]",
      "instances": []
    },
    {
      "module": "module.aurora.module.aurora_cluster[0]",
      "mode": "managed",
      "type": "aws_rds_cluster_parameter_group",
      "name": "default",
      "provider": "provider[\"registry.terraform.io/hashicorp/aws\"]",
      "instances": [
        {
          "index_key": 0,
          "schema_version": 0,
          "attributes": {
            "arn": "arn:aws:rds:us-east-1:804295906245:cluster-pg:arc-poc-training-20240719142517983700000001",
            "description": "DB cluster parameter group",
            "family": "aurora-postgresql14",
            "id": "arc-poc-training-20240719142517983700000001",
            "name": "arc-poc-training-20240719142517983700000001",
            "name_prefix": "arc-poc-training-",
            "parameter": [],
            "tags": {
              "Environment": "poc",
              "MonoRepo": "True",
              "MonoRepoPath": "terraform/db",
              "Name": "training",
              "Namespace": "arc",
              "Project": "arc-training-saurav",
              "Stage": "poc"
            },
            "tags_all": {
              "Environment": "poc",
              "MonoRepo": "True",
              "MonoRepoPath": "terraform/db",
              "Name": "training",
              "Namespace": "arc",
              "Project": "arc-training-saurav",
              "Stage": "poc"
            }
          },
          "sensitive_attributes": [],
          "private": "bnVsbA==",
          "create_before_destroy": true
        }
      ]
    },
    {
      "module": "module.aurora.module.aurora_cluster[0]",
      "mode": "managed",
      "type": "aws_security_group",
      "name": "default",
      "provider": "provider[\"registry.terraform.io/hashicorp/aws\"]",
      "instances": [
        {
          "index_key": 0,
          "schema_version": 1,
          "attributes": {
            "arn": "arn:aws:ec2:us-east-1:804295906245:security-group/sg-0a2b04fbc60298e3c",
            "description": "Allow inbound traffic from Security Groups and CIDRs",
            "egress": [
              {
                "cidr_blocks": [
                  "0.0.0.0/0"
                ],
                "description": "Allow outbound traffic",
                "from_port": 0,
                "ipv6_cidr_blocks": [],
                "prefix_list_ids": [],
                "protocol": "-1",
                "security_groups": [],
                "self": false,
                "to_port": 0
              }
            ],
            "id": "sg-0a2b04fbc60298e3c",
            "ingress": [
              {
                "cidr_blocks": [
                  "10.0.0.0/24"
                ],
                "description": "Allow inbound traffic from existing CIDR blocks",
                "from_port": 5432,
                "ipv6_cidr_blocks": [],
                "prefix_list_ids": [],
                "protocol": "tcp",
                "security_groups": [],
                "self": false,
                "to_port": 5432
              }
            ],
            "name": "arc-poc-training",
            "name_prefix": "",
            "owner_id": "804295906245",
            "revoke_rules_on_delete": false,
            "tags": {
              "Environment": "poc",
              "MonoRepo": "True",
              "MonoRepoPath": "terraform/db",
              "Name": "training",
              "Namespace": "arc",
              "Project": "arc-training-saurav",
              "Stage": "poc"
            },
            "tags_all": {
              "Environment": "poc",
              "MonoRepo": "True",
              "MonoRepoPath": "terraform/db",
              "Name": "training",
              "Namespace": "arc",
              "Project": "arc-training-saurav",
              "Stage": "poc"
            },
            "timeouts": null,
            "vpc_id": "vpc-0e45ab741d2b50fb8"
          },
          "sensitive_attributes": [],
          "private": "eyJlMmJmYjczMC1lY2FhLTExZTYtOGY4OC0zNDM2M2JjN2M0YzAiOnsiY3JlYXRlIjo2MDAwMDAwMDAwMDAsImRlbGV0ZSI6OTAwMDAwMDAwMDAwfSwic2NoZW1hX3ZlcnNpb24iOiIxIn0=",
          "dependencies": [
            "data.aws_vpc.vpc"
          ]
        }
      ]
    },
    {
      "module": "module.aurora.module.aurora_cluster[0]",
      "mode": "managed",
      "type": "aws_security_group_rule",
      "name": "egress",
      "provider": "provider[\"registry.terraform.io/hashicorp/aws\"]",
      "instances": [
        {
          "index_key": 0,
          "schema_version": 2,
          "attributes": {
            "cidr_blocks": [
              "0.0.0.0/0"
            ],
            "description": "Allow outbound traffic",
            "from_port": 0,
            "id": "sgrule-2788034972",
            "ipv6_cidr_blocks": null,
            "prefix_list_ids": null,
            "protocol": "-1",
            "security_group_id": "sg-0a2b04fbc60298e3c",
            "security_group_rule_id": "sgr-01838b1f707be4548",
            "self": false,
            "source_security_group_id": null,
            "timeouts": null,
            "to_port": 0,
            "type": "egress"
          },
          "sensitive_attributes": [],
          "private": "eyJlMmJmYjczMC1lY2FhLTExZTYtOGY4OC0zNDM2M2JjN2M0YzAiOnsiY3JlYXRlIjozMDAwMDAwMDAwMDB9LCJzY2hlbWFfdmVyc2lvbiI6IjIifQ==",
          "dependencies": [
            "data.aws_vpc.vpc",
            "module.aurora.module.aurora_cluster.aws_security_group.default"
          ]
        }
      ]
    },
    {
      "module": "module.aurora.module.aurora_cluster[0]",
      "mode": "managed",
      "type": "aws_security_group_rule",
      "name": "ingress_cidr_blocks",
      "provider": "provider[\"registry.terraform.io/hashicorp/aws\"]",
      "instances": [
        {
          "index_key": 0,
          "schema_version": 2,
          "attributes": {
            "cidr_blocks": [
              "10.0.0.0/24"
            ],
            "description": "Allow inbound traffic from existing CIDR blocks",
            "from_port": 5432,
            "id": "sgrule-2918150022",
            "ipv6_cidr_blocks": null,
            "prefix_list_ids": null,
            "protocol": "tcp",
            "security_group_id": "sg-0a2b04fbc60298e3c",
            "security_group_rule_id": "sgr-011973cfab73473bf",
            "self": false,
            "source_security_group_id": null,
            "timeouts": null,
            "to_port": 5432,
            "type": "ingress"
          },
          "sensitive_attributes": [],
          "private": "eyJlMmJmYjczMC1lY2FhLTExZTYtOGY4OC0zNDM2M2JjN2M0YzAiOnsiY3JlYXRlIjozMDAwMDAwMDAwMDB9LCJzY2hlbWFfdmVyc2lvbiI6IjIifQ==",
          "dependencies": [
            "data.aws_vpc.vpc",
            "module.aurora.module.aurora_cluster.aws_security_group.default"
          ]
        }
      ]
    }
  ],
  "check_results": [
    {
      "object_kind": "var",
      "config_addr": "module.aurora.module.db_management.module.s3_user.module.s3_user.var.context",
      "status": "pass",
      "objects": null
    },
    {
      "object_kind": "var",
      "config_addr": "module.aurora.module.rds_instance.module.final_snapshot_label.var.label_value_case",
      "status": "pass",
      "objects": null
    },
    {
      "object_kind": "var",
      "config_addr": "module.aurora.module.this.var.label_key_case",
      "status": "pass",
      "objects": [
        {
          "object_addr": "module.aurora.module.this.var.label_key_case",
          "status": "pass"
        }
      ]
    },
    {
      "object_kind": "var",
      "config_addr": "module.aurora.module.this.var.label_value_case",
      "status": "pass",
      "objects": [
        {
          "object_addr": "module.aurora.module.this.var.label_value_case",
          "status": "pass"
        }
      ]
    },
    {
      "object_kind": "var",
      "config_addr": "module.aurora.module.db_management.module.s3_user.var.context",
      "status": "pass",
      "objects": null
    },
    {
      "object_kind": "var",
      "config_addr": "module.aurora.module.aurora_cluster.module.dns_master.module.this.var.label_key_case",
      "status": "pass",
      "objects": [
        {
          "object_addr": "module.aurora.module.aurora_cluster[0].module.dns_master.module.this.var.label_key_case",
          "status": "pass"
        }
      ]
    },
    {
      "object_kind": "var",
      "config_addr": "module.aurora.module.rds_instance.module.dns_host_name.module.this.var.label_key_case",
      "status": "pass",
      "objects": null
    },
    {
      "object_kind": "var",
      "config_addr": "module.aurora.var.id_length_limit",
      "status": "pass",
      "objects": [
        {
          "object_addr": "module.aurora.var.id_length_limit",
          "status": "pass"
        }
      ]
    },
    {
      "object_kind": "var",
      "config_addr": "module.aurora.module.db_management.module.s3_user.module.s3_user.module.this.var.label_value_case",
      "status": "pass",
      "objects": null
    },
    {
      "object_kind": "var",
      "config_addr": "module.aurora.module.db_management.module.s3_user.module.s3_user.var.label_value_case",
      "status": "pass",
      "objects": null
    },
    {
      "object_kind": "var",
      "config_addr": "module.aurora.module.db_management.module.s3_user.module.s3_user.module.store_write.module.this.var.label_value_case",
      "status": "pass",
      "objects": null
    },
    {
      "object_kind": "var",
      "config_addr": "module.aurora.module.db_management.module.s3_user.module.s3_user.module.store_write.var.context",
      "status": "pass",
      "objects": null
    },
    {
      "object_kind": "var",
      "config_addr": "module.aurora.module.db_management.module.s3_user.module.s3_user.var.id_length_limit",
      "status": "pass",
      "objects": null
    },
    {
      "object_kind": "var",
      "config_addr": "module.aurora.module.db_management.var.website_configuration",
      "status": "pass",
      "objects": null
    },
    {
      "object_kind": "var",
      "config_addr": "module.aurora.module.this.var.id_length_limit",
      "status": "pass",
      "objects": [
        {
          "object_addr": "module.aurora.module.this.var.id_length_limit",
          "status": "pass"
        }
      ]
    },
    {
      "object_kind": "var",
      "config_addr": "module.aurora.module.db_management.var.website_redirect_all_requests_to",
      "status": "pass",
      "objects": null
    },
    {
      "object_kind": "var",
      "config_addr": "module.aurora.module.rds_instance.module.this.var.context",
      "status": "pass",
      "objects": null
    },
    {
      "object_kind": "var",
      "config_addr": "module.aurora.module.rds_instance.module.this.var.label_key_case",
      "status": "pass",
      "objects": null
    },
    {
      "object_kind": "var",
      "config_addr": "module.aurora.module.aurora_cluster.module.enhanced_monitoring_label.var.id_length_limit",
      "status": "pass",
      "objects": [
        {
          "object_addr": "module.aurora.module.aurora_cluster[0].module.enhanced_monitoring_label.var.id_length_limit",
          "status": "pass"
        }
      ]
    },
    {
      "object_kind": "var",
      "config_addr": "module.aurora.module.db_management.module.s3_user.var.label_value_case",
      "status": "pass",
      "objects": null
    },
    {
      "object_kind": "var",
      "config_addr": "module.aurora.module.rds_instance.module.dns_host_name.module.this.var.id_length_limit",
      "status": "pass",
      "objects": null
    },
    {
      "object_kind": "var",
      "config_addr": "module.aurora.module.aurora_cluster.module.enhanced_monitoring_label.var.label_value_case",
      "status": "pass",
      "objects": [
        {
          "object_addr": "module.aurora.module.aurora_cluster[0].module.enhanced_monitoring_label.var.label_value_case",
          "status": "pass"
        }
      ]
    },
    {
      "object_kind": "var",
      "config_addr": "module.aurora.module.aurora_cluster.var.label_key_case",
      "status": "pass",
      "objects": [
        {
          "object_addr": "module.aurora.module.aurora_cluster[0].var.label_key_case",
          "status": "pass"
        }
      ]
    },
    {
      "object_kind": "var",
      "config_addr": "module.aurora.module.db_management.var.label_value_case",
      "status": "pass",
      "objects": null
    },
    {
      "object_kind": "var",
      "config_addr": "module.aurora.module.rds_instance.var.label_key_case",
      "status": "pass",
      "objects": null
    },
    {
      "object_kind": "var",
      "config_addr": "module.aurora.module.aurora_cluster.module.dns_replicas.module.this.var.id_length_limit",
      "status": "pass",
      "objects": [
        {
          "object_addr": "module.aurora.module.aurora_cluster[0].module.dns_replicas.module.this.var.id_length_limit",
          "status": "pass"
        }
      ]
    },
    {
      "object_kind": "var",
      "config_addr": "module.aurora.module.rds_instance.module.dns_host_name.module.this.var.label_value_case",
      "status": "pass",
      "objects": null
    },
    {
      "object_kind": "var",
      "config_addr": "module.aurora.module.aurora_cluster.module.dns_master.var.label_key_case",
      "status": "pass",
      "objects": [
        {
          "object_addr": "module.aurora.module.aurora_cluster[0].module.dns_master.var.label_key_case",
          "status": "pass"
        }
      ]
    },
    {
      "object_kind": "var",
      "config_addr": "module.aurora.module.aurora_cluster.module.dns_master.module.this.var.id_length_limit",
      "status": "pass",
      "objects": [
        {
          "object_addr": "module.aurora.module.aurora_cluster[0].module.dns_master.module.this.var.id_length_limit",
          "status": "pass"
        }
      ]
    },
    {
      "object_kind": "var",
      "config_addr": "module.aurora.module.db_management.module.s3_user.module.s3_user.module.store_write.var.label_value_case",
      "status": "pass",
      "objects": null
    },
    {
      "object_kind": "var",
      "config_addr": "module.aurora.module.aurora_cluster.module.dns_master.var.context",
      "status": "pass",
      "objects": [
        {
          "object_addr": "module.aurora.module.aurora_cluster[0].module.dns_master.var.context",
          "status": "pass"
        }
      ]
    },
    {
      "object_kind": "var",
      "config_addr": "module.aurora.module.aurora_cluster.module.this.var.label_value_case",
      "status": "pass",
      "objects": [
        {
          "object_addr": "module.aurora.module.aurora_cluster[0].module.this.var.label_value_case",
          "status": "pass"
        }
      ]
    },
    {
      "object_kind": "var",
      "config_addr": "module.aurora.module.db_management.module.s3_user.var.label_key_case",
      "status": "pass",
      "objects": null
    },
    {
      "object_kind": "var",
      "config_addr": "module.aurora.module.rds_instance.module.final_snapshot_label.var.context",
      "status": "pass",
      "objects": null
    },
    {
      "object_kind": "var",
      "config_addr": "module.aurora.module.rds_instance.module.dns_host_name.var.label_key_case",
      "status": "pass",
      "objects": null
    },
    {
      "object_kind": "var",
      "config_addr": "module.aurora.module.aurora_cluster.module.dns_master.module.this.var.label_value_case",
      "status": "pass",
      "objects": [
        {
          "object_addr": "module.aurora.module.aurora_cluster[0].module.dns_master.module.this.var.label_value_case",
          "status": "pass"
        }
      ]
    },
    {
      "object_kind": "var",
      "config_addr": "module.aurora.module.aurora_cluster.module.dns_replicas.module.this.var.context",
      "status": "pass",
      "objects": [
        {
          "object_addr": "module.aurora.module.aurora_cluster[0].module.dns_replicas.module.this.var.context",
          "status": "pass"
        }
      ]
    },
    {
      "object_kind": "var",
      "config_addr": "module.aurora.module.db_management.module.s3_user.module.s3_user.module.this.var.context",
      "status": "pass",
      "objects": null
    },
    {
      "object_kind": "var",
      "config_addr": "module.aurora.module.aurora_cluster.module.dns_master.var.id_length_limit",
      "status": "pass",
      "objects": [
        {
          "object_addr": "module.aurora.module.aurora_cluster[0].module.dns_master.var.id_length_limit",
          "status": "pass"
        }
      ]
    },
    {
      "object_kind": "var",
      "config_addr": "module.aurora.module.db_management.module.s3_user.module.this.var.label_value_case",
      "status": "pass",
      "objects": null
    },
    {
      "object_kind": "var",
      "config_addr": "module.aurora.module.aurora_cluster.module.dns_replicas.var.id_length_limit",
      "status": "pass",
      "objects": [
        {
          "object_addr": "module.aurora.module.aurora_cluster[0].module.dns_replicas.var.id_length_limit",
          "status": "pass"
        }
      ]
    },
    {
      "object_kind": "var",
      "config_addr": "module.aurora.module.rds_instance.var.context",
      "status": "pass",
      "objects": null
    },
    {
      "object_kind": "var",
      "config_addr": "module.aurora.module.rds_instance.module.dns_host_name.var.context",
      "status": "pass",
      "objects": null
    },
    {
      "object_kind": "var",
      "config_addr": "module.aurora.module.aurora_cluster.module.this.var.id_length_limit",
      "status": "pass",
      "objects": [
        {
          "object_addr": "module.aurora.module.aurora_cluster[0].module.this.var.id_length_limit",
          "status": "pass"
        }
      ]
    },
    {
      "object_kind": "var",
      "config_addr": "module.aurora.module.db_management.module.s3_user.var.id_length_limit",
      "status": "pass",
      "objects": null
    },
    {
      "object_kind": "var",
      "config_addr": "module.aurora.module.rds_instance.module.dns_host_name.var.label_value_case",
      "status": "pass",
      "objects": null
    },
    {
      "object_kind": "var",
      "config_addr": "module.aurora.module.db_management.module.s3_user.module.s3_user.module.store_write.module.this.var.id_length_limit",
      "status": "pass",
      "objects": null
    },
    {
      "object_kind": "var",
      "config_addr": "module.aurora.module.db_management.module.this.var.label_value_case",
      "status": "pass",
      "objects": null
    },
    {
      "object_kind": "var",
      "config_addr": "module.aurora.module.this.var.context",
      "status": "pass",
      "objects": [
        {
          "object_addr": "module.aurora.module.this.var.context",
          "status": "pass"
        }
      ]
    },
    {
      "object_kind": "var",
      "config_addr": "module.aurora.module.db_management.module.s3_user.module.this.var.label_key_case",
      "status": "pass",
      "objects": null
    },
    {
      "object_kind": "var",
      "config_addr": "module.aurora.module.db_management.module.s3_user.module.s3_user.module.store_write.module.this.var.label_key_case",
      "status": "pass",
      "objects": null
    },
    {
      "object_kind": "var",
      "config_addr": "module.aurora.module.aurora_cluster.var.context",
      "status": "pass",
      "objects": [
        {
          "object_addr": "module.aurora.module.aurora_cluster[0].var.context",
          "status": "pass"
        }
      ]
    },
    {
      "object_kind": "var",
      "config_addr": "module.aurora.module.aurora_cluster.module.dns_replicas.var.label_key_case",
      "status": "pass",
      "objects": [
        {
          "object_addr": "module.aurora.module.aurora_cluster[0].module.dns_replicas.var.label_key_case",
          "status": "pass"
        }
      ]
    },
    {
      "object_kind": "var",
      "config_addr": "module.aurora.module.aurora_cluster.module.enhanced_monitoring_label.var.context",
      "status": "pass",
      "objects": [
        {
          "object_addr": "module.aurora.module.aurora_cluster[0].module.enhanced_monitoring_label.var.context",
          "status": "pass"
        }
      ]
    },
    {
      "object_kind": "var",
      "config_addr": "module.aurora.module.aurora_cluster.module.dns_master.var.label_value_case",
      "status": "pass",
      "objects": [
        {
          "object_addr": "module.aurora.module.aurora_cluster[0].module.dns_master.var.label_value_case",
          "status": "pass"
        }
      ]
    },
    {
      "object_kind": "var",
      "config_addr": "module.aurora.module.rds_instance.module.this.var.label_value_case",
      "status": "pass",
      "objects": null
    },
    {
      "object_kind": "var",
      "config_addr": "module.aurora.module.db_management.module.s3_user.module.this.var.context",
      "status": "pass",
      "objects": null
    },
    {
      "object_kind": "var",
      "config_addr": "module.aurora.module.aurora_cluster.module.dns_replicas.var.label_value_case",
      "status": "pass",
      "objects": [
        {
          "object_addr": "module.aurora.module.aurora_cluster[0].module.dns_replicas.var.label_value_case",
          "status": "pass"
        }
      ]
    },
    {
      "object_kind": "var",
      "config_addr": "module.aurora.module.aurora_cluster.module.enhanced_monitoring_label.var.label_key_case",
      "status": "pass",
      "objects": [
        {
          "object_addr": "module.aurora.module.aurora_cluster[0].module.enhanced_monitoring_label.var.label_key_case",
          "status": "pass"
        }
      ]
    },
    {
      "object_kind": "var",
      "config_addr": "module.aurora.module.rds_instance.module.dns_host_name.var.id_length_limit",
      "status": "pass",
      "objects": null
    },
    {
      "object_kind": "var",
      "config_addr": "module.aurora.module.rds_instance.var.id_length_limit",
      "status": "pass",
      "objects": null
    },
    {
      "object_kind": "var",
      "config_addr": "module.aurora.var.label_key_case",
      "status": "pass",
      "objects": [
        {
          "object_addr": "module.aurora.var.label_key_case",
          "status": "pass"
        }
      ]
    },
    {
      "object_kind": "var",
      "config_addr": "module.aurora.module.db_management.module.this.var.context",
      "status": "pass",
      "objects": null
    },
    {
      "object_kind": "var",
      "config_addr": "module.aurora.module.db_management.module.s3_user.module.s3_user.var.label_key_case",
      "status": "pass",
      "objects": null
    },
    {
      "object_kind": "var",
      "config_addr": "module.aurora.module.db_management.module.s3_user.module.s3_user.module.store_write.var.label_key_case",
      "status": "pass",
      "objects": null
    },
    {
      "object_kind": "var",
      "config_addr": "module.aurora.module.db_management.module.s3_user.module.s3_user.module.store_write.var.id_length_limit",
      "status": "pass",
      "objects": null
    },
    {
      "object_kind": "var",
      "config_addr": "module.aurora.module.db_management.module.s3_user.module.this.var.id_length_limit",
      "status": "pass",
      "objects": null
    },
    {
      "object_kind": "var",
      "config_addr": "module.aurora.module.aurora_cluster.module.dns_replicas.var.context",
      "status": "pass",
      "objects": [
        {
          "object_addr": "module.aurora.module.aurora_cluster[0].module.dns_replicas.var.context",
          "status": "pass"
        }
      ]
    },
    {
      "object_kind": "var",
      "config_addr": "module.aurora.module.db_management.module.s3_user.module.s3_user.module.store_write.module.this.var.context",
      "status": "pass",
      "objects": null
    },
    {
      "object_kind": "var",
      "config_addr": "module.aurora.module.db_management.var.context",
      "status": "pass",
      "objects": null
    },
    {
      "object_kind": "var",
      "config_addr": "module.aurora.module.db_management.var.id_length_limit",
      "status": "pass",
      "objects": null
    },
    {
      "object_kind": "var",
      "config_addr": "module.aurora.module.aurora_cluster.var.cluster_type",
      "status": "pass",
      "objects": [
        {
          "object_addr": "module.aurora.module.aurora_cluster[0].var.cluster_type",
          "status": "pass"
        }
      ]
    },
    {
      "object_kind": "var",
      "config_addr": "module.aurora.module.aurora_cluster.module.this.var.label_key_case",
      "status": "pass",
      "objects": [
        {
          "object_addr": "module.aurora.module.aurora_cluster[0].module.this.var.label_key_case",
          "status": "pass"
        }
      ]
    },
    {
      "object_kind": "var",
      "config_addr": "module.aurora.module.db_management.module.s3_user.module.s3_user.module.this.var.id_length_limit",
      "status": "pass",
      "objects": null
    },
    {
      "object_kind": "var",
      "config_addr": "module.aurora.module.rds_instance.module.final_snapshot_label.var.label_key_case",
      "status": "pass",
      "objects": null
    },
    {
      "object_kind": "var",
      "config_addr": "module.aurora.module.db_management.module.s3_user.module.s3_user.module.this.var.label_key_case",
      "status": "pass",
      "objects": null
    },
    {
      "object_kind": "var",
      "config_addr": "module.aurora.module.db_management.module.this.var.id_length_limit",
      "status": "pass",
      "objects": null
    },
    {
      "object_kind": "var",
      "config_addr": "module.aurora.module.aurora_cluster.module.this.var.context",
      "status": "pass",
      "objects": [
        {
          "object_addr": "module.aurora.module.aurora_cluster[0].module.this.var.context",
          "status": "pass"
        }
      ]
    },
    {
      "object_kind": "var",
      "config_addr": "module.aurora.module.aurora_cluster.module.dns_replicas.module.this.var.label_key_case",
      "status": "pass",
      "objects": [
        {
          "object_addr": "module.aurora.module.aurora_cluster[0].module.dns_replicas.module.this.var.label_key_case",
          "status": "pass"
        }
      ]
    },
    {
      "object_kind": "var",
      "config_addr": "module.aurora.module.aurora_cluster.module.dns_master.module.this.var.context",
      "status": "pass",
      "objects": [
        {
          "object_addr": "module.aurora.module.aurora_cluster[0].module.dns_master.module.this.var.context",
          "status": "pass"
        }
      ]
    },
    {
      "object_kind": "var",
      "config_addr": "module.aurora.module.db_management.var.label_key_case",
      "status": "pass",
      "objects": null
    },
    {
      "object_kind": "var",
      "config_addr": "module.aurora.module.rds_instance.module.this.var.id_length_limit",
      "status": "pass",
      "objects": null
    },
    {
      "object_kind": "var",
      "config_addr": "module.aurora.module.aurora_cluster.var.id_length_limit",
      "status": "pass",
      "objects": [
        {
          "object_addr": "module.aurora.module.aurora_cluster[0].var.id_length_limit",
          "status": "pass"
        }
      ]
    },
    {
      "object_kind": "var",
      "config_addr": "module.aurora.module.rds_instance.var.label_value_case",
      "status": "pass",
      "objects": null
    },
    {
      "object_kind": "var",
      "config_addr": "module.aurora.module.aurora_cluster.var.label_value_case",
      "status": "pass",
      "objects": [
        {
          "object_addr": "module.aurora.module.aurora_cluster[0].var.label_value_case",
          "status": "pass"
        }
      ]
    },
    {
      "object_kind": "var",
      "config_addr": "module.aurora.var.context",
      "status": "pass",
      "objects": [
        {
          "object_addr": "module.aurora.var.context",
          "status": "pass"
        }
      ]
    },
    {
      "object_kind": "var",
      "config_addr": "module.aurora.module.db_management.module.this.var.label_key_case",
      "status": "pass",
      "objects": null
    },
    {
      "object_kind": "var",
      "config_addr": "module.aurora.module.aurora_cluster.module.dns_replicas.module.this.var.label_value_case",
      "status": "pass",
      "objects": [
        {
          "object_addr": "module.aurora.module.aurora_cluster[0].module.dns_replicas.module.this.var.label_value_case",
          "status": "pass"
        }
      ]
    },
    {
      "object_kind": "var",
      "config_addr": "module.aurora.var.label_value_case",
      "status": "pass",
      "objects": [
        {
          "object_addr": "module.aurora.var.label_value_case",
          "status": "pass"
        }
      ]
    },
    {
      "object_kind": "var",
      "config_addr": "module.aurora.module.rds_instance.module.final_snapshot_label.var.id_length_limit",
      "status": "pass",
      "objects": null
    },
    {
      "object_kind": "var",
      "config_addr": "module.aurora.module.rds_instance.module.dns_host_name.module.this.var.context",
      "status": "pass",
      "objects": null
    }
  ]
}
